Microsoft Visual Studio Solution File, Format Version 12.00
# Visual Studio Version 17
VisualStudioVersion = 17.5.2.0
MinimumVisualStudioVersion = 10.0.40219.1
Project("{FAE04EC0-301F-11D3-BF4B-00C04F79EFBC}") = "SkillsInternationalSchool", "SkillsInternationalSchool.csproj", "{2682D378-DB5E-2A11-CF4B-23B34D3C59E4}"
EndProject
Global
	GlobalSection(SolutionConfigurationPlatforms) = preSolution
		Debug|Any CPU = Debug|Any CPU
		Release|Any CPU = Release|Any CPU
	EndGlobalSection
	GlobalSection(ProjectConfigurationPlatforms) = postSolution
		{2682D378-DB5E-2A11-CF4B-23B34D3C59E4}.Debug|Any CPU.ActiveCfg = Debug|Any CPU
		{2682D378-DB5E-2A11-CF4B-23B34D3C59E4}.Debug|Any CPU.Build.0 = Debug|Any CPU
		{2682D378-DB5E-2A11-CF4B-23B34D3C59E4}.Release|Any CPU.ActiveCfg = Release|Any CPU
		{2682D378-DB5E-2A11-CF4B-23B34D3C59E4}.Release|Any CPU.Build.0 = Release|Any CPU
	EndGlobalSection
	GlobalSection(SolutionProperties) = preSolution
		HideSolutionNode = FALSE
	EndGlobalSection
	GlobalSection(ExtensibilityGlobals) = postSolution
		SolutionGuid = {0F77A050-F235-4F73-8470-2D11B8E086EE}
	EndGlobalSection
EndGlobal
